
Microsoft Visual Studio Solution File, Format Version 12.00
# Visual Studio Version 16
VisualStudioVersion = 16.0.31515.178
MinimumVisualStudioVersion = 10.0.40219.1
Project("{FAE04EC0-301F-11D3-BF4B-00C04F79EFBC}") = "task1", "task1\task1.csproj", "{B19C637E-E675-4355-BBAF-3E90EFF95162}"
EndProject
Global
	GlobalSection(SolutionConfigurationPlatforms) = preSolution
		Debug|Any CPU = Debug|Any CPU
		Release|Any CPU = Release|Any CPU
	EndGlobalSection
	GlobalSection(ProjectConfigurationPlatforms) = postSolution
		{B19C637E-E675-4355-BBAF-3E90EFF95162}.Debug|Any CPU.ActiveCfg = Debug|Any CPU
		{B19C637E-E675-4355-BBAF-3E90EFF95162}.Debug|Any CPU.Build.0 = Debug|Any CPU
		{B19C637E-E675-4355-BBAF-3E90EFF95162}.Release|Any CPU.ActiveCfg = Release|Any CPU
		{B19C637E-E675-4355-BBAF-3E90EFF95162}.Release|Any CPU.Build.0 = Release|Any CPU
	EndGlobalSection
	GlobalSection(SolutionProperties) = preSolution
		HideSolutionNode = FALSE
	EndGlobalSection
	GlobalSection(ExtensibilityGlobals) = postSolution
		SolutionGuid = {7FCA7D95-22E3-4AF5-A2CF-A35B669704BE}
	EndGlobalSection
EndGlobal
